
Microsoft Visual Studio Solution File, Format Version 12.00
# Visual Studio Version 17
VisualStudioVersion = 17.8.34525.116
MinimumVisualStudioVersion = 10.0.40219.1
Project("{9A19103F-16F7-4668-BE54-9A1E7A4F7556}") = "EMS.API", "EMS.API\EMS.API.csproj", "{07C117A6-CA97-46B9-9147-705EFDD2A4C7}"
EndProject
Project("{FAE04EC0-301F-11D3-BF4B-00C04F79EFBC}") = "EMS.API.Tests", "EMS.API.Tests\EMS.API.Tests.csproj", "{C2448B16-9A1D-4596-8B67-941DF9DE9642}"
EndProject
Global
	GlobalSection(SolutionConfigurationPlatforms) = preSolution
		Debug|Any CPU = Debug|Any CPU
		Release|Any CPU = Release|Any CPU
	EndGlobalSection
	GlobalSection(ProjectConfigurationPlatforms) = postSolution
		{07C117A6-CA97-46B9-9147-705EFDD2A4C7}.Debug|Any CPU.ActiveCfg = Debug|Any CPU
		{07C117A6-CA97-46B9-9147-705EFDD2A4C7}.Debug|Any CPU.Build.0 = Debug|Any CPU
		{07C117A6-CA97-46B9-9147-705EFDD2A4C7}.Release|Any CPU.ActiveCfg = Release|Any CPU
		{07C117A6-CA97-46B9-9147-705EFDD2A4C7}.Release|Any CPU.Build.0 = Release|Any CPU
		{C2448B16-9A1D-4596-8B67-941DF9DE9642}.Debug|Any CPU.ActiveCfg = Debug|Any CPU
		{C2448B16-9A1D-4596-8B67-941DF9DE9642}.Debug|Any CPU.Build.0 = Debug|Any CPU
		{C2448B16-9A1D-4596-8B67-941DF9DE9642}.Release|Any CPU.ActiveCfg = Release|Any CPU
		{C2448B16-9A1D-4596-8B67-941DF9DE9642}.Release|Any CPU.Build.0 = Release|Any CPU
	EndGlobalSection
	GlobalSection(SolutionProperties) = preSolution
		HideSolutionNode = FALSE
	EndGlobalSection
	GlobalSection(ExtensibilityGlobals) = postSolution
		SolutionGuid = {01F52F57-0173-4AA5-B8D2-D17AE1C92BA0}
	EndGlobalSection
EndGlobal
